// !$*UTF8*$!
{
	archiveVersion = 1;
	classes = {
	};
	objectVersion = 46;
	objects = {

/* Begin PBXBuildFile section */
		DE4BE65918081CEC00B2BCFF /* Foundation.framework in Frameworks */ = {isa = PBXBuildFile; fileRef = DE4BE65818081CEC00B2BCFF /* Foundation.framework */; };
		DE4BE65B18081CEC00B2BCFF /* CoreGraphics.framework in Frameworks */ = {isa = PBXBuildFile; fileRef = DE4BE65A18081CEC00B2BCFF /* CoreGraphics.framework */; };
		DE4BE65D18081CEC00B2BCFF /* UIKit.framework in Frameworks */ = {isa = PBXBuildFile; fileRef = DE4BE65C18081CEC00B2BCFF /* UIKit.framework */; };
		DE4BE66318081CEC00B2BCFF /* InfoPlist.strings in Resources */ = {isa = PBXBuildFile; fileRef = DE4BE66118081CEC00B2BCFF /* InfoPlist.strings */; };
		DE4BE66518081CEC00B2BCFF /* main.m in Sources */ = {isa = PBXBuildFile; fileRef = DE4BE66418081CEC00B2BCFF /* main.m */; };
		DE4BE66918081CEC00B2BCFF /* HBAppDelegate.m in Sources */ = {isa = PBXBuildFile; fileRef = DE4BE66818081CEC00B2BCFF /* HBAppDelegate.m */; };
		DE4BE66C18081CEC00B2BCFF /* Main.storyboard in Resources */ = {isa = PBXBuildFile; fileRef = DE4BE66A18081CEC00B2BCFF /* Main.storyboard */; };
		DE4BE66F18081CEC00B2BCFF /* HBViewController.m in Sources */ = {isa = PBXBuildFile; fileRef = DE4BE66E18081CEC00B2BCFF /* HBViewController.m */; };
		DE4BE67118081CEC00B2BCFF /* Images.xcassets in Resources */ = {isa = PBXBuildFile; fileRef = DE4BE67018081CEC00B2BCFF /* Images.xcassets */; };
		DE4BE67818081CEC00B2BCFF /* XCTest.framework in Frameworks */ = {isa = PBXBuildFile; fileRef = DE4BE67718081CEC00B2BCFF /* XCTest.framework */; };
		DE4BE67918081CEC00B2BCFF /* Foundation.framework in Frameworks */ = {isa = PBXBuildFile; fileRef = DE4BE65818081CEC00B2BCFF /* Foundation.framework */; };
		DE4BE67A18081CEC00B2BCFF /* UIKit.framework in Frameworks */ = {isa = PBXBuildFile; fileRef = DE4BE65C18081CEC00B2BCFF /* UIKit.framework */; };
		DE4BE68218081CEC00B2BCFF /* InfoPlist.strings in Resources */ = {isa = PBXBuildFile; fileRef = DE4BE68018081CEC00B2BCFF /* InfoPlist.strings */; };
		DE4BE68418081CEC00B2BCFF /* HBDraggableButtonTests.m in Sources */ = {isa = PBXBuildFile; fileRef = DE4BE68318081CEC00B2BCFF /* HBDraggableButtonTests.m */; };
/* End PBXBuildFile section */

/* Begin PBXContainerItemProxy section */
		DE4BE67B18081CEC00B2BCFF /* PBXContainerItemProxy */ = {
			isa = PBXContainerItemProxy;
			containerPortal = DE4BE64D18081CEC00B2BCFF /* Project object */;
			proxyType = 1;
			remoteGlobalIDString = DE4BE65418081CEC00B2BCFF;
			remoteInfo = HBDraggableButton;
		};
/* End PBXContainerItemProxy section */

/* Begin PBXFileReference section */
		DE4BE65518081CEC00B2BCFF /* HBDraggableButton.app */ = {isa = PBXFileReference; explicitFileType = wrapper.application; includeInIndex = 0; path = HBDraggableButton.app; sourceTree = BUILT_PRODUCTS_DIR; };
		DE4BE65818081CEC00B2BCFF /* Foundation.framework */ = {isa = PBXFileReference; lastKnownFileType = wrapper.framework; name = Foundation.framework; path = System/Library/Frameworks/Foundation.framework; sourceTree = SDKROOT; };
		DE4BE65A18081CEC00B2BCFF /* CoreGraphics.framework */ = {isa = PBXFileReference; lastKnownFileType = wrapper.framework; name = CoreGraphics.framework; path = System/Library/Frameworks/CoreGraphics.framework; sourceTree = SDKROOT; };
		DE4BE65C18081CEC00B2BCFF /* UIKit.framework */ = {isa = PBXFileReference; lastKnownFileType = wrapper.framework; name = UIKit.framework; path = System/Library/Frameworks/UIKit.framework; sourceTree = SDKROOT; };
		DE4BE66018081CEC00B2BCFF /* HBDraggableButton-Info.plist */ = {isa = PBXFileReference; lastKnownFileType = text.plist.xml; path = "HBDraggableButton-Info.plist"; sourceTree = "<group>"; };
		DE4BE66218081CEC00B2BCFF /* en */ = {isa = PBXFileReference; lastKnownFileType = text.plist.strings; name = en; path = en.lproj/InfoPlist.strings; sourceTree = "<group>"; };
		DE4BE66418081CEC00B2BCFF /* main.m */ = {isa = PBXFileReference; lastKnownFileType = sourcecode.c.objc; path = main.m; sourceTree = "<group>"; };
		DE4BE66618081CEC00B2BCFF /* HBDraggableButton-Prefix.pch */ = {isa = PBXFileReference; lastKnownFileType = sourcecode.c.h; path = "HBDraggableButton-Prefix.pch"; sourceTree = "<group>"; };
		DE4BE66718081CEC00B2BCFF /* HBAppDelegate.h */ = {isa = PBXFileReference; lastKnownFileType = sourcecode.c.h; path = HBAppDelegate.h; sourceTree = "<group>"; };
		DE4BE66818081CEC00B2BCFF /* HBAppDelegate.m */ = {isa = PBXFileReference; lastKnownFileType = sourcecode.c.objc; path = HBAppDelegate.m; sourceTree = "<group>"; };
		DE4BE66B18081CEC00B2BCFF /* Base */ = {isa = PBXFileReference; lastKnownFileType = file.storyboard; name = Base; path = Base.lproj/Main.storyboard; sourceTree = "<group>"; };
		DE4BE66D18081CEC00B2BCFF /* HBViewController.h */ = {isa = PBXFileReference; lastKnownFileType = sourcecode.c.h; path = HBViewController.h; sourceTree = "<group>"; };
		DE4BE66E18081CEC00B2BCFF /* HBViewController.m */ = {isa = PBXFileReference; lastKnownFileType = sourcecode.c.objc; path = HBViewController.m; sourceTree = "<group>"; };
		DE4BE67018081CEC00B2BCFF /* Images.xcassets */ = {isa = PBXFileReference; lastKnownFileType = folder.assetcatalog; path = Images.xcassets; sourceTree = "<group>"; };
		DE4BE67618081CEC00B2BCFF /* HBDraggableButtonTests.xctest */ = {isa = PBXFileReference; explicitFileType = wrapper.cfbundle; includeInIndex = 0; path = HBDraggableButtonTests.xctest; sourceTree = BUILT_PRODUCTS_DIR; };
		DE4BE67718081CEC00B2BCFF /* XCTest.framework */ = {isa = PBXFileReference; lastKnownFileType = wrapper.framework; name = XCTest.framework; path = Library/Frameworks/XCTest.framework; sourceTree = DEVELOPER_DIR; };
		DE4BE67F18081CEC00B2BCFF /* HBDraggableButtonTests-Info.plist */ = {isa = PBXFileReference; lastKnownFileType = text.plist.xml; path = "HBDraggableButtonTests-Info.plist"; sourceTree = "<group>"; };
		DE4BE68118081CEC00B2BCFF /* en */ = {isa = PBXFileReference; lastKnownFileType = text.plist.strings; name = en; path = en.lproj/InfoPlist.strings; sourceTree = "<group>"; };
		DE4BE68318081CEC00B2BCFF /* HBDraggableButtonTests.m */ = {isa = PBXFileReference; lastKnownFileType = sourcecode.c.objc; path = HBDraggableButtonTests.m; sourceTree = "<group>"; };
/* End PBXFileReference section */

/* Begin PBXFrameworksBuildPhase section */
		DE4BE65218081CEC00B2BCFF /* Frameworks */ = {
			isa = PBXFrameworksBuildPhase;
			buildActionMask = 2147483647;
			files = (
				DE4BE65B18081CEC00B2BCFF /* CoreGraphics.framework in Frameworks */,
				DE4BE65D18081CEC00B2BCFF /* UIKit.framework in Frameworks */,
				DE4BE65918081CEC00B2BCFF /* Foundation.framework in Frameworks */,
			);
			runOnlyForDeploymentPostprocessing = 0;
		};
		DE4BE67318081CEC00B2BCFF /* Frameworks */ = {
			isa = PBXFrameworksBuildPhase;
			buildActionMask = 2147483647;
			files = (
				DE4BE67818081CEC00B2BCFF /* XCTest.framework in Frameworks */,
				DE4BE67A18081CEC00B2BCFF /* UIKit.framework in Frameworks */,
				DE4BE67918081CEC00B2BCFF /* Foundation.framework in Frameworks */,
			);
			runOnlyForDeploymentPostprocessing = 0;
		};
/* End PBXFrameworksBuildPhase section */

/* Begin PBXGroup section */
		DE4BE64C18081CEC00B2BCFF = {
			isa = PBXGroup;
			children = (
				DE4BE65E18081CEC00B2BCFF /* HBDraggableButton */,
				DE4BE67D18081CEC00B2BCFF /* HBDraggableButtonTests */,
				DE4BE65718081CEC00B2BCFF /* Frameworks */,
				DE4BE65618081CEC00B2BCFF /* Products */,
			);
			sourceTree = "<group>";
		};
		DE4BE65618081CEC00B2BCFF /* Products */ = {
			isa = PBXGroup;
			children = (
				DE4BE65518081CEC00B2BCFF /* HBDraggableButton.app */,
				DE4BE67618081CEC00B2BCFF /* HBDraggableButtonTests.xctest */,
			);
			name = Products;
			sourceTree = "<group>";
		};
		DE4BE65718081CEC00B2BCFF /* Frameworks */ = {
			isa = PBXGroup;
			children = (
				DE4BE65818081CEC00B2BCFF /* Foundation.framework */,
				DE4BE65A18081CEC00B2BCFF /* CoreGraphics.framework */,
				DE4BE65C18081CEC00B2BCFF /* UIKit.framework */,
				DE4BE67718081CEC00B2BCFF /* XCTest.framework */,
			);
			name = Frameworks;
			sourceTree = "<group>";
		};
		DE4BE65E18081CEC00B2BCFF /* HBDraggableButton */ = {
			isa = PBXGroup;
			children = (
				DE4BE66718081CEC00B2BCFF /* HBAppDelegate.h */,
				DE4BE66818081CEC00B2BCFF /* HBAppDelegate.m */,
				DE4BE66A18081CEC00B2BCFF /* Main.storyboard */,
				DE4BE66D18081CEC00B2BCFF /* HBViewController.h */,
				DE4BE66E18081CEC00B2BCFF /* HBViewController.m */,
				DE4BE67018081CEC00B2BCFF /* Images.xcassets */,
				DE4BE65F18081CEC00B2BCFF /* Supporting Files */,
			);
			path = HBDraggableButton;
			sourceTree = "<group>";
		};
		DE4BE65F18081CEC00B2BCFF /* Supporting Files */ = {
			isa = PBXGroup;
			children = (
				DE4BE66018081CEC00B2BCFF /* HBDraggableButton-Info.plist */,
				DE4BE66118081CEC00B2BCFF /* InfoPlist.strings */,
				DE4BE66418081CEC00B2BCFF /* main.m */,
				DE4BE66618081CEC00B2BCFF /* HBDraggableButton-Prefix.pch */,
			);
			name = "Supporting Files";
			sourceTree = "<group>";
		};
		DE4BE67D18081CEC00B2BCFF /* HBDraggableButtonTests */ = {
			isa = PBXGroup;
			children = (
				DE4BE68318081CEC00B2BCFF /* HBDraggableButtonTests.m */,
				DE4BE67E18081CEC00B2BCFF /* Supporting Files */,
			);
			path = HBDraggableButtonTests;
			sourceTree = "<group>";
		};
		DE4BE67E18081CEC00B2BCFF /* Supporting Files */ = {
			isa = PBXGroup;
			children = (
				DE4BE67F18081CEC00B2BCFF /* HBDraggableButtonTests-Info.plist */,
				DE4BE68018081CEC00B2BCFF /* InfoPlist.strings */,
			);
			name = "Supporting Files";
			sourceTree = "<group>";
		};
/* End PBXGroup section */

/* Begin PBXNativeTarget section */
		DE4BE65418081CEC00B2BCFF /* HBDraggableButton */ = {
			isa = PBXNativeTarget;
			buildConfigurationList = DE4BE68718081CEC00B2BCFF /* Build configuration list for PBXNativeTarget "HBDraggableButton" */;
			buildPhases = (
				DE4BE65118081CEC00B2BCFF /* Sources */,
				DE4BE65218081CEC00B2BCFF /* Frameworks */,
				DE4BE65318081CEC00B2BCFF /* Resources */,
			);
			buildRules = (
			);
			dependencies = (
			);
			name = HBDraggableButton;
			productName = HBDraggableButton;
			productReference = DE4BE65518081CEC00B2BCFF /* HBDraggableButton.app */;
			productType = "com.apple.product-type.application";
		};
		DE4BE67518081CEC00B2BCFF /* HBDraggableButtonTests */ = {
			isa = PBXNativeTarget;
			buildConfigurationList = DE4BE68A18081CEC00B2BCFF /* Build configuration list for PBXNativeTarget "HBDraggableButtonTests" */;
			buildPhases = (
				DE4BE67218081CEC00B2BCFF /* Sources */,
				DE4BE67318081CEC00B2BCFF /* Frameworks */,
				DE4BE67418081CEC00B2BCFF /* Resources */,
			);
			buildRules = (
			);
			dependencies = (
				DE4BE67C18081CEC00B2BCFF /* PBXTargetDependency */,
			);
			name = HBDraggableButtonTests;
			productName = HBDraggableButtonTests;
			productReference = DE4BE67618081CEC00B2BCFF /* HBDraggableButtonTests.xctest */;
			productType = "com.apple.product-type.bundle.unit-test";
		};
/* End PBXNativeTarget section */

/* Begin PBXProject section */
		DE4BE64D18081CEC00B2BCFF /* Project object */ = {
			isa = PBXProject;
			attributes = {
				CLASSPREFIX = HB;
				LastUpgradeCheck = 0500;
				ORGANIZATIONNAME = "Hilal Baig";
				TargetAttributes = {
					DE4BE67518081CEC00B2BCFF = {
						TestTargetID = DE4BE65418081CEC00B2BCFF;
					};
				};
			};
			buildConfigurationList = DE4BE65018081CEC00B2BCFF /* Build configuration list for PBXProject "HBDraggableButton" */;
			compatibilityVersion = "Xcode 3.2";
			developmentRegion = English;
			hasScannedForEncodings = 0;
			knownRegions = (
				en,
				Base,
			);
			mainGroup = DE4BE64C18081CEC00B2BCFF;
			productRefGroup = DE4BE65618081CEC00B2BCFF /* Products */;
			projectDirPath = "";
			projectRoot = "";
			targets = (
				DE4BE65418081CEC00B2BCFF /* HBDraggableButton */,
				DE4BE67518081CEC00B2BCFF /* HBDraggableButtonTests */,
			);
		};
/* End PBXProject section */

/* Begin PBXResourcesBuildPhase section */
		DE4BE65318081CEC00B2BCFF /* Resources */ = {
			isa = PBXResourcesBuildPhase;
			buildActionMask = 2147483647;
			files = (
				DE4BE67118081CEC00B2BCFF /* Images.xcassets in Resources */,
				DE4BE66318081CEC00B2BCFF /* InfoPlist.strings in Resources */,
				DE4BE66C18081CEC00B2BCFF /* Main.storyboard in Resources */,
			);
			runOnlyForDeploymentPostprocessing = 0;
		};
		DE4BE67418081CEC00B2BCFF /* Resources */ = {
			isa = PBXResourcesBuildPhase;
			buildActionMask = 2147483647;
			files = (
				DE4BE68218081CEC00B2BCFF /* InfoPlist.strings in Resources */,
			);
			runOnlyForDeploymentPostprocessing = 0;
		};
/* End PBXResourcesBuildPhase section */

/* Begin PBXSourcesBuildPhase section */
		DE4BE65118081CEC00B2BCFF /* Sources */ = {
			isa = PBXSourcesBuildPhase;
			buildActionMask = 2147483647;
			files = (
				DE4BE66F18081CEC00B2BCFF /* HBViewController.m in Sources */,
				DE4BE66918081CEC00B2BCFF /* HBAppDelegate.m in Sources */,
				DE4BE66518081CEC00B2BCFF /* main.m in Sources */,
			);
			runOnlyForDeploymentPostprocessing = 0;
		};
		DE4BE67218081CEC00B2BCFF /* Sources */ = {
			isa = PBXSourcesBuildPhase;
			buildActionMask = 2147483647;
			files = (
				DE4BE68418081CEC00B2BCFF /* HBDraggableButtonTests.m in Sources */,
			);
			runOnlyForDeploymentPostprocessing = 0;
		};
/* End PBXSourcesBuildPhase section */

/* Begin PBXTargetDependency section */
		DE4BE67C18081CEC00B2BCFF /* PBXTargetDependency */ = {
			isa = PBXTargetDependency;
			target = DE4BE65418081CEC00B2BCFF /* HBDraggableButton */;
			targetProxy = DE4BE67B18081CEC00B2BCFF /* PBXContainerItemProxy */;
		};
/* End PBXTargetDependency section */

/* Begin PBXVariantGroup section */
		DE4BE66118081CEC00B2BCFF /* InfoPlist.strings */ = {
			isa = PBXVariantGroup;
			children = (
				DE4BE66218081CEC00B2BCFF /* en */,
			);
			name = InfoPlist.strings;
			sourceTree = "<group>";
		};
		DE4BE66A18081CEC00B2BCFF /* Main.storyboard */ = {
			isa = PBXVariantGroup;
			children = (
				DE4BE66B18081CEC00B2BCFF /* Base */,
			);
			name = Main.storyboard;
			sourceTree = "<group>";
		};
		DE4BE68018081CEC00B2BCFF /* InfoPlist.strings */ = {
			isa = PBXVariantGroup;
			children = (
				DE4BE68118081CEC00B2BCFF /* en */,
			);
			name = InfoPlist.strings;
			sourceTree = "<group>";
		};
/* End PBXVariantGroup section */

/* Begin XCBuildConfiguration section */
		DE4BE68518081CEC00B2BCFF /* Debug */ = {
			isa = XCBuildConfiguration;
			buildSettings = {
				ALWAYS_SEARCH_USER_PATHS = NO;
				ARCHS = "$(ARCHS_STANDARD_INCLUDING_64_BIT)";
				CLANG_CXX_LANGUAGE_STANDARD = "gnu++0x";
				CLANG_CXX_LIBRARY = "libc++";
				CLANG_ENABLE_MODULES = YES;
				CLANG_ENABLE_OBJC_ARC = YES;
				CLANG_WARN_BOOL_CONVERSION = YES;
				CLANG_WARN_CONSTANT_CONVERSION = YES;
				CLANG_WARN_DIRECT_OBJC_ISA_USAGE = YES_ERROR;
				CLANG_WARN_EMPTY_BODY = YES;
				CLANG_WARN_ENUM_CONVERSION = YES;
				CLANG_WARN_INT_CONVERSION = YES;
				CLANG_WARN_OBJC_ROOT_CLASS = YES_ERROR;
				CLANG_WARN__DUPLICATE_METHOD_MATCH = YES;
				"CODE_SIGN_IDENTITY[sdk=iphoneos*]" = "iPhone Developer";
				COPY_PHASE_STRIP = NO;
				GCC_C_LANGUAGE_STANDARD = gnu99;
				GCC_DYNAMIC_NO_PIC = NO;
				GCC_OPTIMIZATION_LEVEL = 0;
				GCC_PREPROCESSOR_DEFINITIONS = (
					"DEBUG=1",
					"$(inherited)",
				);
				GCC_SYMBOLS_PRIVATE_EXTERN = NO;
				GCC_WARN_64_TO_32_BIT_CONVERSION = YES;
				GCC_WARN_ABOUT_RETURN_TYPE = YES_ERROR;
				GCC_WARN_UNDECLARED_SELECTOR = YES;
				GCC_WARN_UNINITIALIZED_AUTOS = YES;
				GCC_WARN_UNUSED_FUNCTION = YES;
				GCC_WARN_UNUSED_VARIABLE = YES;
				IPHONEOS_DEPLOYMENT_TARGET = 7.0;
				ONLY_ACTIVE_ARCH = YES;
				SDKROOT = iphoneos;
			};
			name = Debug;
		};
		DE4BE68618081CEC00B2BCFF /* Release */ = {
			isa = XCBuildConfiguration;
			buildSettings = {
				ALWAYS_SEARCH_USER_PATHS = NO;
				ARCHS = "$(ARCHS_STANDARD_INCLUDING_64_BIT)";
				CLANG_CXX_LANGUAGE_STANDARD = "gnu++0x";
				CLANG_CXX_LIBRARY = "libc++";
				CLANG_ENABLE_MODULES = YES;
				CLANG_ENABLE_OBJC_ARC = YES;
				CLANG_WARN_BOOL_CONVERSION = YES;
				CLANG_WARN_CONSTANT_CONVERSION = YES;
				CLANG_WARN_DIRECT_OBJC_ISA_USAGE = YES_ERROR;
				CLANG_WARN_EMPTY_BODY = YES;
				CLANG_WARN_ENUM_CONVERSION = YES;
				CLANG_WARN_INT_CONVERSION = YES;
				CLANG_WARN_OBJC_ROOT_CLASS = YES_ERROR;
				CLANG_WARN__DUPLICATE_METHOD_MATCH = YES;
				"CODE_SIGN_IDENTITY[sdk=iphoneos*]" = "iPhone Developer";
				COPY_PHASE_STRIP = YES;
				ENABLE_NS_ASSERTIONS = NO;
				GCC_C_LANGUAGE_STANDARD = gnu99;
				GCC_WARN_64_TO_32_BIT_CONVERSION = YES;
				GCC_WARN_ABOUT_RETURN_TYPE = YES_ERROR;
				GCC_WARN_UNDECLARED_SELECTOR = YES;
				GCC_WARN_UNINITIALIZED_AUTOS = YES;
				GCC_WARN_UNUSED_FUNCTION = YES;
				GCC_WARN_UNUSED_VARIABLE = YES;
				IPHONEOS_DEPLOYMENT_TARGET = 7.0;
				SDKROOT = iphoneos;
				VALIDATE_PRODUCT = YES;
			};
			name = Release;
		};
		DE4BE68818081CEC00B2BCFF /* Debug */ = {
			isa = XCBuildConfiguration;
			buildSettings = {
				ASSETCATALOG_COMPILER_APPICON_NAME = AppIcon;
				ASSETCATALOG_COMPILER_LAUNCHIMAGE_NAME = LaunchImage;
				GCC_PRECOMPILE_PREFIX_HEADER = YES;
				GCC_PREFIX_HEADER = "HBDraggableButton/HBDraggableButton-Prefix.pch";
				INFOPLIST_FILE = "HBDraggableButton/HBDraggableButton-Info.plist";
				PRODUCT_NAME = "$(TARGET_NAME)";
				WRAPPER_EXTENSION = app;
			};
			name = Debug;
		};
		DE4BE68918081CEC00B2BCFF /* Release */ = {
			isa = XCBuildConfiguration;
			buildSettings = {
				ASSETCATALOG_COMPILER_APPICON_NAME = AppIcon;
				ASSETCATALOG_COMPILER_LAUNCHIMAGE_NAME = LaunchImage;
				GCC_PRECOMPILE_PREFIX_HEADER = YES;
				GCC_PREFIX_HEADER = "HBDraggableButton/HBDraggableButton-Prefix.pch";
				INFOPLIST_FILE = "HBDraggableButton/HBDraggableButton-Info.plist";
				PRODUCT_NAME = "$(TARGET_NAME)";
				WRAPPER_EXTENSION = app;
			};
			name = Release;
		};
		DE4BE68B18081CEC00B2BCFF /* Debug */ = {
			isa = XCBuildConfiguration;
			buildSettings = {
				ARCHS = "$(ARCHS_STANDARD_INCLUDING_64_BIT)";
				BUNDLE_LOADER = "$(BUILT_PRODUCTS_DIR)/HBDraggableButton.app/HBDraggableButton";
				FRAMEWORK_SEARCH_PATHS = (
					"$(SDKROOT)/Developer/Library/Frameworks",
					"$(inherited)",
					"$(DEVELOPER_FRAMEWORKS_DIR)",
				);
				GCC_PRECOMPILE_PREFIX_HEADER = YES;
				GCC_PREFIX_HEADER = "HBDraggableButton/HBDraggableButton-Prefix.pch";
				GCC_PREPROCESSOR_DEFINITIONS = (
					"DEBUG=1",
					"$(inherited)",
				);
				INFOPLIST_FILE = "HBDraggableButtonTests/HBDraggableButtonTests-Info.plist";
				PRODUCT_NAME = "$(TARGET_NAME)";
				TEST_HOST = "$(BUNDLE_LOADER)";
				WRAPPER_EXTENSION = xctest;
			};
			name = Debug;
		};
		DE4BE68C18081CEC00B2BCFF /* Release */ = {
			isa = XCBuildConfiguration;
			buildSettings = {
				ARCHS = "$(ARCHS_STANDARD_INCLUDING_64_BIT)";
				BUNDLE_LOADER = "$(BUILT_PRODUCTS_DIR)/HBDraggableButton.app/HBDraggableButton";
				FRAMEWORK_SEARCH_PATHS = (
					"$(SDKROOT)/Developer/Library/Frameworks",
					"$(inherited)",
					"$(DEVELOPER_FRAMEWORKS_DIR)",
				);
				GCC_PRECOMPILE_PREFIX_HEADER = YES;
				GCC_PREFIX_HEADER = "HBDraggableButton/HBDraggableButton-Prefix.pch";
				INFOPLIST_FILE = "HBDraggableButtonTests/HBDraggableButtonTests-Info.plist";
				PRODUCT_NAME = "$(TARGET_NAME)";
				TEST_HOST = "$(BUNDLE_LOADER)";
				WRAPPER_EXTENSION = xctest;
			};
			name = Release;
		};
/* End XCBuildConfiguration section */

/* Begin XCConfigurationList section */
		DE4BE65018081CEC00B2BCFF /* Build configuration list for PBXProject "HBDraggableButton" */ = {
			isa = XCConfigurationList;
			buildConfigurations = (
				DE4BE68518081CEC00B2BCFF /* Debug */,
				DE4BE68618081CEC00B2BCFF /* Release */,
			);
			defaultConfigurationIsVisible = 0;
			defaultConfigurationName = Release;
		};
		DE4BE68718081CEC00B2BCFF /* Build configuration list for PBXNativeTarget "HBDraggableButton" */ = {
			isa = XCConfigurationList;
			buildConfigurations = (
				DE4BE68818081CEC00B2BCFF /* Debug */,
				DE4BE68918081CEC00B2BCFF /* Release */,
			);
			defaultConfigurationIsVisible = 0;
		};
		DE4BE68A18081CEC00B2BCFF /* Build configuration list for PBXNativeTarget "HBDraggableButtonTests" */ = {
			isa = XCConfigurationList;
			buildConfigurations = (
				DE4BE68B18081CEC00B2BCFF /* Debug */,
				DE4BE68C18081CEC00B2BCFF /* Release */,
			);
			defaultConfigurationIsVisible = 0;
		};
/* End XCConfigurationList section */
	};
	rootObject = DE4BE64D18081CEC00B2BCFF /* Project object */;
}
